
Microsoft Visual Studio Solution File, Format Version 12.00
# Visual Studio Version 17
VisualStudioVersion = 17.14.36301.6 d17.14
MinimumVisualStudioVersion = 10.0.40219.1
Project("{FAE04EC0-301F-11D3-BF4B-00C04F79EFBC}") = "eazyonrent", "eazyonrent\eazyonrent.csproj", "{A706A49D-3317-4966-A43F-F95EEF4C22FC}"
EndProject
Global
	GlobalSection(SolutionConfigurationPlatforms) = preSolution
		Debug|Any CPU = Debug|Any CPU
		Release|Any CPU = Release|Any CPU
	EndGlobalSection
	GlobalSection(ProjectConfigurationPlatforms) = postSolution
		{A706A49D-3317-4966-A43F-F95EEF4C22FC}.Debug|Any CPU.ActiveCfg = Debug|Any CPU
		{A706A49D-3317-4966-A43F-F95EEF4C22FC}.Debug|Any CPU.Build.0 = Debug|Any CPU
		{A706A49D-3317-4966-A43F-F95EEF4C22FC}.Debug|Any CPU.Deploy.0 = Debug|Any CPU
		{A706A49D-3317-4966-A43F-F95EEF4C22FC}.Release|Any CPU.ActiveCfg = Release|Any CPU
		{A706A49D-3317-4966-A43F-F95EEF4C22FC}.Release|Any CPU.Build.0 = Release|Any CPU
		{A706A49D-3317-4966-A43F-F95EEF4C22FC}.Release|Any CPU.Deploy.0 = Release|Any CPU
	EndGlobalSection
	GlobalSection(SolutionProperties) = preSolution
		HideSolutionNode = FALSE
	EndGlobalSection
	GlobalSection(ExtensibilityGlobals) = postSolution
		SolutionGuid = {BA9F9FE1-8D41-475E-89A2-378366D75708}
	EndGlobalSection
EndGlobal
